github.com/Workiva/go-datastructures v1.0.53 h1:J6Y/52yX10Xc5JjXmGtWoSSxs3mZnGSaq37xZZh7Yig=
github.com/Workiva/go-datastructures v1.0.53/go.mod h1:1yZL+zfsztete+ePzZz/Zb1/t5BnDuE2Ya2MMGhzP6A=
github.com/alecthomas/template v0.0.0-20190718012654-fb15b899a751/go.mod h1:LOuyumcjzFXgccqObfd/Ljyb9UuFJ6TxHnclSeseNhc=
github.com/alecthomas/units v0.0.0-20190924025748-f65c72e2690d/go.mod h1:rBZYJk541a8SKzHPHnH3zbiI+7dagKZ0cgpgrD7Fyho=
github.com/asynkron/gofun v0.0.0-20220329210725-34fed760f4c2 h1:jEsFZ9d/ieJGVrx3fSPi8oe/qv21fRmyUL5cS3ZEn5A=
github.com/asynkron/gofun v0.0.0-20220329210725-34fed760f4c2/go.mod h1:5GMOSqaYxNWwuVRWyampTPJEntwz7Mj9J8v1a7gSU2E=
github.com/asynkron/protoactor-go v0.0.0-20230414121700-22ab527f4f7a h1:I8ma5SyiOK8yy6p27rYao/1pRffJB20dhbntNWe8M1s=
github.com/asynkron/protoactor-go v0.0.0-20230414121700-22ab527f4f7a/go.mod h1:zFlr8/vWcBgonl1lfurAzkzvhXyUvCcw2rYkcyrKv6s=
github.com/beorn7/perks v1.0.1 h1:VlbKKnNfV8bJzeqoa4cOKqO6bYr3WgKZxO8Z16+hsOM=
github.com/beorn7/perks v1.0.1/go.mod h1:G2ZrVWU2WbWT9wwq4/hrbKbnv/1ERSJQ0ibhJ6rlkpw=
github.com/census-instrumentation/opencensus-proto v0.2.1/go.mod h1:f6KPmirojxKA12rnyqOA5BBL4O983OfeGPqjHWSTneU=
github.com/cespare/xxhash/v2 v2.1.2 h1:YRXhKfTDauu4ajMg1TPgFO5jnlC2HCbmLXMcTG5cbYE=
github.com/cespare/xxhash/v2 v2.1.2/go.mod h1:VGX0DQ3Q6kWi7AoAeZDth3/j3BFtOZR5XLFGgcrjCOs=
github.com/cncf/udpa/go v0.0.0-20210930031921-04548b0d99d4/go.mod h1:6pvJx4me5XPnfI9Z40ddWsdw2W/uZgQLFXToKeRcDiI=
github.com/cncf/xds/go v0.0.0-20211011173535-cb28da3451f1/go.mod h1:eXthEFrGJvWHgFFCl3hGmgk+/aYT6PnTQLykKQRLhEs=
github.com/davecgh/go-spew v1.1.0/go.mod h1:J7Y8YcW2NihsgmVo/mv3lAwl/skON4iLHjSsI+c5H38=
github.com/davecgh/go-spew v1.1.1 h1:vj9j/u1bqnvCEfJOwUhtlOARqs3+rkHYY13jYWTU97c=
github.com/davecgh/go-spew v1.1.1/go.mod h1:J7Y8YcW2NihsgmVo/mv3lAwl/skON4iLHjSsI+c5H38=
github.com/dumacp/go-ignition v0.0.0-20230824145936-0bdddd08a7a4 h1:kRoDRR0x7aPFkWktNtwJpB2ranUHYQZgbbzlr/uL9ro=
github.com/dumacp/go-ignition v0.0.0-20230824145936-0bdddd08a7a4/go.mod h1:RLe3xfv7gg/TAqxvi0lRZAfx1MV53FXWiKBg+1PBLso=
github.com/dumacp/go-logs v0.0.0-20211122205852-dfcc5685457f/go.mod h1:dr8qC0qs36jLZFMZH/sRp3fc980yzZDCb/MkR/rHOSA=
github.com/dumacp/go-logs v0.0.1 h1:X6pBagK6lCgNyz+MluT1V3cvoHnJsZCSIz5pjYe9YBc=
github.com/dumacp/go-logs v0.0.1/go.mod h1:nxB2d1DaPSLGnz+0zuR29N/YRq7THIVwQLDHf0jBSRc=
github.com/dumacp/gpsnmea v0.0.0-20201110195359-2994f05cfb52 h1:2lzgBwOrKsWZcmqaCk1OgNcMAsHuUor4vc3WaEfYzVE=
github.com/dumacp/gpsnmea v0.0.0-20201110195359-2994f05cfb52/go.mod h1:ZVDQY1pOKAVSjiLXPmvcPfQJkKDyREXJuW411QwP5D0=
github.com/dumacp/pubsub v0.0.0-20200115200904-f16f29d84ee0 h1:5GOnGA5BlfSxREoT5lRHmShjHV/XXsZrns+MZwgV24s=
github.com/dumacp/pubsub v0.0.0-20200115200904-f16f29d84ee0/go.mod h1:0LjaLgrAKTmrHiGUjyCMNm940lHXikO0TMMViTem5iI=
github.com/eclipse/paho.mqtt.golang v1.4.2 h1:66wOzfUHSSI1zamx7jR6yMEI5EuHnT1G6rNA5PM12m4=
github.com/eclipse/paho.mqtt.golang v1.4.2/go.mod h1:JGt0RsEwEX+Xa/agj90YJ9d9DH2b7upDZMK9HRbFvCA=
github.com/emirpasic/gods v1.18.1 h1:FXtiHYKDGKCW2KzwZKx0iC0PQmdlorYgdFG9jPXJ1Bc=
github.com/emirpasic/gods v1.18.1/go.mod h1:8tpGGwCnJ5H4r6BWwaV6OrWmMoPhUl5jm/FMNAnJvWQ=
github.com/envoyproxy/go-control-plane v0.10.2-0.20220325020618-49ff273808a1/go.mod h1:KJwIaB5Mv44NWtYuAOFCVOjcI94vtpEz2JU/D2v6IjE=
github.com/envoyproxy/protoc-gen-validate v0.1.0/go.mod h1:iSmxcyjqTsJpI2R4NaDN7+kN2VEUnK/pcBlmesArF7c=
github.com/go-logfmt/logfmt v0.5.1/go.mod h1:WYhtIu8zTZfxdn5+rREduYbwxfcBr/Vr6KEVveWlfTs=
github.com/go-logr/logr v1.2.2/go.mod h1:jdQByPbusPIv2/zmleS9BjJVeZ6kBagPoEUsqbVz/1A=
github.com/go-logr/logr v1.2.3 h1:2DntVwHkVopvECVRSlL5PSo9eG+cAkDCuckLubN+rq0=
github.com/go-logr/logr v1.2.3/go.mod h1:jdQByPbusPIv2/zmleS9BjJVeZ6kBagPoEUsqbVz/1A=
github.com/go-logr/stdr v1.2.2 h1:hSWxHoqTgW2S2qGc0LTAI563KZ5YKYRhT3MFKZMbjag=
github.com/go-logr/stdr v1.2.2/go.mod h1:mMo/vtBO5dYbehREoey6XUKy/eSumjCCveDpRre4VKE=
github.com/goburrow/modbus v0.1.0 h1:DejRZY73nEM6+bt5JSP6IsFolJ9dVcqxsYbpLbeW/ro=
github.com/goburrow/modbus v0.1.0/go.mod h1:Kx552D5rLIS8E7TyUwQ/UdHEqvX5T8tyiGBTlzMcZBg=
github.com/goburrow/serial v0.1.0 h1:v2T1SQa/dlUqQiYIT8+Cu7YolfqAi3K96UmhwYyuSrA=
github.com/goburrow/serial v0.1.0/go.mod h1:sAiqG0nRVswsm1C97xsttiYCzSLBmUZ/VSlVLZJ8haA=
github.com/gogo/protobuf v1.3.2 h1:Ov1cvc58UF3b5XjBnZv7+opcTcQFZebYjWzi34vdm4Q=
github.com/gogo/protobuf v1.3.2/go.mod h1:P1XiOD3dCwIKUDQYPy72D8LYyHL2YPYrpS2s69NZV8Q=
github.com/golang/geo v0.0.0-20210211234256-740aa86cb551 h1:gtexQ/VGyN+VVFRXSFiguSNcXmS6rkKT+X7FdIrTtfo=
github.com/golang/geo v0.0.0-20210211234256-740aa86cb551/go.mod h1:QZ0nwyI2jOfgRAoBvP+ab5aRr7c9x7lhGEJrKvBwjWI=
github.com/golang/glog v0.0.0-20160126235308-23def4e6c14b/go.mod h1:SBH7ygxi8pfUlaOkMMuAQtPIUF8ecWP5IEl/CR7VP2Q=
github.com/golang/protobuf v1.2.0/go.mod h1:6lQm79b+lXiMfvg/cZm0SGofjICqVBUtrP5yJMmIC1U=
github.com/golang/protobuf v1.3.5/go.mod h1:6O5/vntMXwX2lRkT1hjjk0nAC1IDOTvTlVgjlRvqsdk=
github.com/golang/protobuf v1.5.0/go.mod h1:FsONVRAS9T7sI+LIUmWTfcYkHO4aIWwzhcaSAoJOfIk=
github.com/golang/protobuf v1.5.3 h1:KhyjKVUg7Usr/dYsdSqoFveMYd5ko72D+zANwlG1mmg=
github.com/golang/protobuf v1.5.3/go.mod h1:XVQd3VNwM+JqD3oG2Ue2ip4fOMUkwXdXDdiuN0vRsmY=
github.com/google/go-cmp v0.5.5/go.mod h1:v8dTdLbMG2kIc/vJvl+f65V22dbkXbowE6jgT/gNBxE=
github.com/google/go-cmp v0.5.9 h1:O2Tfq5qg4qc4AmwVlvv0oLiVAGB7enBSJ2x2DqQFi38=
github.com/google/uuid v1.3.0 h1:t6JiXgmwXMjEs8VusXIJk2BXHsn+wx8BZdTaoZ5fu7I=
github.com/google/uuid v1.3.0/go.mod h1:TIyPZe4MgqvfeYDBFedMoGGpEw/LqOeaOT+nhxU+yHo=
github.com/gorilla/mux v1.8.0/go.mod h1:DVbg23sWSpFRCP0SfiEN6jmj59UnW/n46BH5rLB71So=
github.com/gorilla/websocket v1.4.2 h1:+/TMaTYc4QFitKJxsQ7Yye35DkWvkdLcvGKqM+x0Ufc=
github.com/gorilla/websocket v1.4.2/go.mod h1:YR8l580nyteQvAITg2hZ9XVh4b55+EU/adAjf1fMHhE=
github.com/jpillora/backoff v1.0.0/go.mod h1:J/6gKK9jxlEcS3zixgDgUAsiuZ7yrSoa/FX5e0EB2j4=
github.com/json-iterator/go v1.1.12/go.mod h1:e30LSqwooZae/UwlEbR2852Gd8hjQvJoHmT4TnhNGBo=
github.com/julienschmidt/httprouter v1.3.0/go.mod h1:JR6WtHb+2LUe8TCKY3cZOxFyyO8IZAc4RVcycCCAKdM=
github.com/kisielk/errcheck v1.5.0/go.mod h1:pFxgyoBC7bSaBwPgfKdkLd5X25qrDl4LWUI2bnpBCr8=
github.com/kisielk/gotool v1.0.0/go.mod h1:XhKaO+MFFWcvkIS/tQcRk01m1F5IRFswLeQ+oQHNcck=
github.com/lithammer/shortuuid/v4 v4.0.0 h1:QRbbVkfgNippHOS8PXDkti4NaWeyYfcBTHtw7k08o4c=
github.com/lithammer/shortuuid/v4 v4.0.0/go.mod h1:Zs8puNcrvf2rV9rTH51ZLLcj7ZXqQI3lv67aw4KiB1Y=
github.com/looplab/fsm v1.0.1 h1:OEW0ORrIx095N/6lgoGkFkotqH6s7vaFPsgjLAaF5QU=
github.com/looplab/fsm v1.0.1/go.mod h1:PmD3fFvQEIsjMEfvZdrCDZ6y8VwKTwWNjlpEr6IKPO4=
github.com/matttproud/golang_protobuf_extensions v1.0.4 h1:mmDVorXM7PCGKw94cs5zkfA9PSy5pEvNWRP0ET0TIVo=
github.com/matttproud/golang_protobuf_extensions v1.0.4/go.mod h1:BSXmuO+STAnVfrANrmjBb36TMTDstsz7MSK+HVaYKv4=
github.com/modern-go/concurrent v0.0.0-20180306012644-bacd9c7ef1dd/go.mod h1:6dJC0mAP4ikYIbvyc7fijjWJddQyLn8Ig3JB5CqoB9Q=
github.com/modern-go/reflect2 v1.0.2/go.mod h1:yWuevngMOJpCy52FWWMvUC8ws7m/LJsjYzDa0/r8luk=
github.com/mwitkow/go-conntrack v0.0.0-20190716064945-2f068394615f/go.mod h1:qRWi+5nqEBWmkhHvq77mSJWrCKwh8bxhgT7d/eI7P4U=
github.com/orcaman/concurrent-map v1.0.0 h1:I/2A2XPCb4IuQWcQhBhSwGfiuybl/J0ev9HDbW65HOY=
github.com/orcaman/concurrent-map v1.0.0/go.mod h1:Lu3tH6HLW3feq74c2GC+jIMS/K2CFcDWnWD9XkenwhI=
github.com/philhofer/fwd v1.1.1/go.mod h1:gk3iGcWd9+svBvR0sR+KPcfE+RNWozjowpeBVG3ZVNU=
github.com/pkg/errors v0.9.1/go.mod h1:bwawxfHBFNV+L2hUp1rHADufV3IMtnDRdf1r5NINEl0=
github.com/pmezard/go-difflib v1.0.0 h1:4DBwDE0NGyQoBHbLQYPwSUPoCMWR5BEzIk/f1lZbAQM=
github.com/pmezard/go-difflib v1.0.0/go.mod h1:iKH77koFhYxTK1pcRnkKkqfTogsbg7gZNVY4sRDYZ/4=
github.com/prometheus/client_golang v1.14.0 h1:nJdhIvne2eSX/XRAFV9PcvFFRbrjbcTUj0VP62TMhnw=
github.com/prometheus/client_golang v1.14.0/go.mod h1:8vpkKitgIVNcqrRBWh1C4TIUQgYNtG/XQE4E/Zae36Y=
github.com/prometheus/client_model v0.3.0 h1:UBgGFHqYdG/TPFD1B1ogZywDqEkwp3fBMvqdiQ7Xew4=
github.com/prometheus/client_model v0.3.0/go.mod h1:LDGWKZIo7rky3hgvBe+caln+Dr3dPggB5dvjtD7w9+w=
github.com/prometheus/common v0.39.0 h1:oOyhkDq05hPZKItWVBkJ6g6AtGxi+fy7F4JvUV8uhsI=
github.com/prometheus/common v0.39.0/go.mod h1:6XBZ7lYdLCbkAVhwRsWTZn+IN5AB9F/NXd5w0BbEX0Y=
github.com/prometheus/procfs v0.9.0 h1:wzCHvIvM5SxWqYvwgVL7yJY8Lz3PKn49KQtpgMYJfhI=
github.com/prometheus/procfs v0.9.0/go.mod h1:+pB4zwohETzFnmlpe6yd2lSc+0/46IYZRB/chUwxUZY=
github.com/stretchr/objx v0.1.0/go.mod h1:HFkY916IF+rwdDfMAkV7OtwuqBVzrE8GR6GFx+wExME=
github.com/stretchr/objx v0.5.0 h1:1zr/of2m5FGMsad5YfcqgdqdWrIhu+EBEJRhR1U7z/c=
github.com/stretchr/testify v1.7.0/go.mod h1:6Fq8oRcR53rry900zMqJjRRixrwX3KX962/h/Wwjteg=
github.com/stretchr/testify v1.8.1 h1:w7B6lhMri9wdJUVmEZPGGhZzrYTPvgJArz7wNPgYKsk=
github.com/tarm/serial v0.0.0-20180830185346-98f6abe2eb07 h1:UyzmZLoiDWMRywV4DUYb9Fbt8uiOSooupjTq10vpvnU=
github.com/tarm/serial v0.0.0-20180830185346-98f6abe2eb07/go.mod h1:kDXzergiv9cbyO7IOYJZWg1U88JhDg3PB6klq9Hg2pA=
github.com/tinylib/msgp v1.1.5/go.mod h1:eQsjooMTnV42mHu917E26IogZ2930nFyBQdofk10Udg=
github.com/ttacon/chalk v0.0.0-20160626202418-22c06c80ed31/go.mod h1:onvgF043R+lC5RZ8IT9rBXDaEDnpnw/Cl+HFiw+v/7Q=
github.com/twmb/murmur3 v1.1.6 h1:mqrRot1BRxm+Yct+vavLMou2/iJt0tNVTTC0QoIjaZg=
github.com/twmb/murmur3 v1.1.6/go.mod h1:Qq/R7NUyOfr65zD+6Q5IHKsJLwP7exErjN6lyyq3OSQ=
github.com/yuin/goldmark v1.1.27/go.mod h1:3hX8gzYuyVAZsxl0MRgGTJEmQBFcNTphYh9decYSb74=
github.com/yuin/goldmark v1.2.1/go.mod h1:3hX8gzYuyVAZsxl0MRgGTJEmQBFcNTphYh9decYSb74=
go.etcd.io/bbolt v1.3.7 h1:j+zJOnnEjF/kyHlDDgGnVL/AIqIJPq8UoB2GSNfkUfQ=
go.etcd.io/bbolt v1.3.7/go.mod h1:N9Mkw9X8x5fupy0IKsmuqVtoGDyxsaDlbk4Rd05IAQw=
go.opentelemetry.io/otel v1.12.0 h1:IgfC7kqQrRccIKuB7Cl+SRUmsKbEwSGPr0Eu+/ht1SQ=
go.opentelemetry.io/otel v1.12.0/go.mod h1:geaoz0L0r1BEOR81k7/n9W4TCXYCJ7bPO7K374jQHG0=
go.opentelemetry.io/otel/exporters/prometheus v0.35.0 h1:OCWu7Z5W9wNis5aViq+MqRFj2PEFmFhvIHOk32TABM0=
go.opentelemetry.io/otel/exporters/prometheus v0.35.0/go.mod h1:U0tqTnN6hnGiNKKGNN5uPOuhb/3C7gcZuh23d2k9bXc=
go.opentelemetry.io/otel/metric v0.35.0 h1:aPT5jk/w7F9zW51L7WgRqNKDElBdyRLGuBtI5MX34e8=
go.opentelemetry.io/otel/metric v0.35.0/go.mod h1:qAcbhaTRFU6uG8QM7dDo7XvFsWcugziq/5YI065TokQ=
go.opentelemetry.io/otel/sdk v1.12.0 h1:8npliVYV7qc0t1FKdpU08eMnOjgPFMnriPhn0HH4q3o=
go.opentelemetry.io/otel/sdk v1.12.0/go.mod h1:WYcvtgquYvgODEvxOry5owO2y9MyciW7JqMz6cpXShE=
go.opentelemetry.io/otel/sdk/metric v0.35.0 h1:gryV4W5GzpOhKK48/lZb8ldyWIs3DRugSVlQZmCwELA=
go.opentelemetry.io/otel/sdk/metric v0.35.0/go.mod h1:eDyp1GxSiwV98kr7w4pzrszQh/eze9MqBqPd2bCPmyE=
go.opentelemetry.io/otel/trace v1.12.0 h1:p28in++7Kd0r2d8gSt931O57fdjUyWxkVbESuILAeUc=
go.opentelemetry.io/otel/trace v1.12.0/go.mod h1:pHlgBynn6s25qJ2szD+Bv+iwKJttjHSI3lUAyf0GNuQ=
golang.org/x/crypto v0.0.0-20190308221718-c2843e01d9a2/go.mod h1:djNgcEr1/C05ACkg1iLfiJU5Ep61QUkGW8qpdssI0+w=
golang.org/x/crypto v0.0.0-20191011191535-87dc89f01550/go.mod h1:yigFU9vqHzYiE8UmvKecakEJjdnWj3jj499lnFckfCI=
golang.org/x/crypto v0.0.0-20200622213623-75b288015ac9/go.mod h1:LzIPMQfyMNhhGPhUkYOs5KpL4U8rLKemX1yGLhDgUto=
golang.org/x/exp v0.0.0-20221012134508-3640c57a48ea h1:c+JVtpqmcDxL2rnX9ramD4VqXvu01vReExyKr38B/l4=
golang.org/x/exp v0.0.0-20221012134508-3640c57a48ea/go.mod h1:cyybsKvd6eL0RnXn6p/Grxp8F5bW7iYuBgsNCOHpMYE=
golang.org/x/mod v0.2.0/go.mod h1:s0Qsj1ACt9ePp/hMypM3fl4fZqREWJwdYDEqhRiZZUA=
golang.org/x/mod v0.3.0/go.mod h1:s0Qsj1ACt9ePp/hMypM3fl4fZqREWJwdYDEqhRiZZUA=
golang.org/x/net v0.0.0-20190404232315-eb5bcb51f2a3/go.mod h1:t9HGtf8HONx5eT2rtn7q6eTqICYqUVnKs3thJo3Qplg=
golang.org/x/net v0.0.0-20190620200207-3b0461eec859/go.mod h1:z5CRVTTTmAJ677TzLLGU+0bjPO0LkuOLi4/5GtJWs/s=
golang.org/x/net v0.0.0-20200226121028-0de0cce0169b/go.mod h1:z5CRVTTTmAJ677TzLLGU+0bjPO0LkuOLi4/5GtJWs/s=
golang.org/x/net v0.0.0-20200425230154-ff2c4b7c35a0/go.mod h1:qpuaurCH72eLCgpAm/N6yyVIVM9cpaDIP3A8BGJEC5A=
golang.org/x/net v0.0.0-20201021035429-f5854403a974/go.mod h1:sp8m0HH+o8qH0wwXwYZr8TS3Oi6o0r6Gce1SSxlDquU=
golang.org/x/net v0.8.0 h1:Zrh2ngAOFYneWTAIAPethzeaQLuHwhuBkuV6ZiRnUaQ=
golang.org/x/net v0.8.0/go.mod h1:QVkue5JL9kW//ek3r6jTKnTFis1tRmNAW2P1shuFdJc=
golang.org/x/sync v0.0.0-20181221193216-37e7f081c4d4/go.mod h1:RxMgew5VJxzue5/jJTE5uejpjVlOe/izrB70Jof72aM=
golang.org/x/sync v0.0.0-20190423024810-112230192c58/go.mod h1:RxMgew5VJxzue5/jJTE5uejpjVlOe/izrB70Jof72aM=
golang.org/x/sync v0.0.0-20190911185100-cd5d95a43a6e/go.mod h1:RxMgew5VJxzue5/jJTE5uejpjVlOe/izrB70Jof72aM=
golang.org/x/sync v0.0.0-20201020160332-67f06af15bc9/go.mod h1:RxMgew5VJxzue5/jJTE5uejpjVlOe/izrB70Jof72aM=
golang.org/x/sync v0.0.0-20210220032951-036812b2e83c/go.mod h1:RxMgew5VJxzue5/jJTE5uejpjVlOe/izrB70Jof72aM=
golang.org/x/sync v0.1.0 h1:wsuoTGHzEhffawBOhz5CYhcrV4IdKZbEyZjBMuTp12o=
golang.org/x/sync v0.1.0/go.mod h1:RxMgew5VJxzue5/jJTE5uejpjVlOe/izrB70Jof72aM=
golang.org/x/sys v0.0.0-20190215142949-d0b11bdaac8a/go.mod h1:STP8DvDyc/dI5b8T5hshtkjS+E42TnysNCUPdjciGhY=
golang.org/x/sys v0.0.0-20190412213103-97732733099d/go.mod h1:h1NjWce9XRLGQEsW7wpKNCjG9DtNlClVuFLEZdDNbEs=
golang.org/x/sys v0.0.0-20200323222414-85ca7c5b95cd/go.mod h1:h1NjWce9XRLGQEsW7wpKNCjG9DtNlClVuFLEZdDNbEs=
golang.org/x/sys v0.0.0-20200930185726-fdedc70b468f/go.mod h1:h1NjWce9XRLGQEsW7wpKNCjG9DtNlClVuFLEZdDNbEs=
golang.org/x/sys v0.0.0-20210910150752-751e447fb3d0/go.mod h1:oPkhp1MJrh7nUepCBck5+mAzfO9JrbApNNgaTdGDITg=
golang.org/x/sys v0.6.0 h1:MVltZSvRTcU2ljQOhs94SXPftV6DCNnZViHeQps87pQ=
golang.org/x/sys v0.6.0/go.mod h1:oPkhp1MJrh7nUepCBck5+mAzfO9JrbApNNgaTdGDITg=
golang.org/x/text v0.3.0/go.mod h1:NqM8EUOU14njkJ3fqMW+pc6Ldnwhi/IjpwHt7yyuwOQ=
golang.org/x/text v0.3.3/go.mod h1:5Zoc/QRtKVWzQhOtBMvqHzDpF6irO9z98xDceosuGiQ=
golang.org/x/text v0.8.0 h1:57P1ETyNKtuIjB4SRd15iJxuhj8Gc416Y78H3qgMh68=
golang.org/x/text v0.8.0/go.mod h1:e1OnstbJyHTd6l/uOt8jFFHp6TRDWZR/bV3emEE/zU8=
golang.org/x/tools v0.0.0-20180917221912-90fa682c2a6e/go.mod h1:n7NCudcB/nEzxVGmLbDWY5pfWTLqBcC2KZ6jyYvM4mQ=
golang.org/x/tools v0.0.0-20191119224855-298f0cb1881e/go.mod h1:b+2E5dAYhXwXZwtnZ6UAqBI28+e2cm9otk0dWdXHAEo=
golang.org/x/tools v0.0.0-20200619180055-7c47624df98f/go.mod h1:EkVYQZoAsY45+roYkvgYkIh4xh/qjgUK9TdY2XT94GE=
golang.org/x/tools v0.0.0-20201022035929-9cf592e881e9/go.mod h1:emZCQorbCU4vsT4fOWvOPXz4eW1wZW4PmDk9uLelYpA=
golang.org/x/tools v0.0.0-20210106214847-113979e3529a/go.mod h1:emZCQorbCU4vsT4fOWvOPXz4eW1wZW4PmDk9uLelYpA=
golang.org/x/xerrors v0.0.0-20190717185122-a985d3407aa7/go.mod h1:I/5z698sn9Ka8TeJc9MKroUUfqBBauWjQqLJ2OPfmY0=
golang.org/x/xerrors v0.0.0-20191011141410-1b5146add898/go.mod h1:I/5z698sn9Ka8TeJc9MKroUUfqBBauWjQqLJ2OPfmY0=
golang.org/x/xerrors v0.0.0-20191204190536-9bdfabe68543/go.mod h1:I/5z698sn9Ka8TeJc9MKroUUfqBBauWjQqLJ2OPfmY0=
golang.org/x/xerrors v0.0.0-20200804184101-5ec99f83aff1/go.mod h1:I/5z698sn9Ka8TeJc9MKroUUfqBBauWjQqLJ2OPfmY0=
google.golang.org/genproto v0.0.0-20221118155620-16455021b5e6 h1:a2S6M0+660BgMNl++4JPlcAO/CjkqYItDEZwkoDQK7c=
google.golang.org/genproto v0.0.0-20221118155620-16455021b5e6/go.mod h1:rZS5c/ZVYMaOGBfO68GWtjOw/eLaZM1X6iVtgjZ+EWg=
google.golang.org/grpc v1.52.3 h1:pf7sOysg4LdgBqduXveGKrcEwbStiK2rtfghdzlUYDQ=
google.golang.org/grpc v1.52.3/go.mod h1:pu6fVzoFb+NBYNAvQL08ic+lvB2IojljRYuun5vorUY=
google.golang.org/protobuf v1.26.0-rc.1/go.mod h1:jlhhOSvTdKEhbULTjvd4ARK9grFBp09yW+WbY/TyQbw=
google.golang.org/protobuf v1.26.0/go.mod h1:9q0QmTI4eRPtz6boOQmLYwt+qCgq0jsYwAQnmE0givc=
google.golang.org/protobuf v1.30.0 h1:kPPoIgf3TsEvrm0PFe15JQ+570QVxYzEvvHqChK+cng=
google.golang.org/protobuf v1.30.0/go.mod h1:HV8QOd/L58Z+nl8r43ehVNZIU/HEI6OcFqwMG9pJV4I=
gopkg.in/alecthomas/kingpin.v2 v2.2.6/go.mod h1:FMv+mEhP44yOT+4EoQTLFTRgOQ1FBLkstjWtayDeSgw=
gopkg.in/check.v1 v0.0.0-20161208181325-20d25e280405/go.mod h1:Co6ibVJAznAaIkqp8huTwlJQCZ016jof/cbN4VW5Yz0=
gopkg.in/yaml.v2 v2.4.0/go.mod h1:RDklbk79AGWmwhnvt/jBztapEOGDOx6ZbXqjP6csGnQ=
gopkg.in/yaml.v3 v3.0.0-20200313102051-9f266ea9e77c/go.mod h1:K4uyk7z7BCEPqu6E+C64Yfv1cQ7kz7rIZviUmN+EgEM=
gopkg.in/yaml.v3 v3.0.1 h1:fxVm/GzAzEWqLHuvctI91KS9hhNmmWOoWu0XTYJS7CA=
